lockVersion: 2.0.0
id: 53f7af90-29d0-4d5a-b54b-5a081bc9afcd
management:
  docChecksum: 02d38bf8412747daa27991dee395436d
  docVersion: 0.1.2
  speakeasyVersion: 1.337.1
  generationVersion: 2.373.2
  releaseVersion: 0.5.0
  configChecksum: 46dcda21d198ce6846c490c691de93c4
  repoURL: https://github.com/onlyauth-io/onlyauth-python.git
  repoSubDirectory: .
  installationURL: https://github.com/onlyauth-io/onlyauth-python.git
  published: true
features:
  python:
    additionalDependencies: 0.1.0
    core: 4.8.2
    flattening: 2.81.1
    globalSecurity: 2.83.5
    globalSecurityCallbacks: 0.1.0
    globalSecurityFlattening: 0.1.0
    globalServerURLs: 2.82.2
    nullables: 0.1.0
    responseFormat: 0.1.0
    sdkHooks: 0.1.0
generatedFiles:
  - src/onlyauth/sdkconfiguration.py
  - src/onlyauth/authentication.py
  - src/onlyauth/apps.py
  - src/onlyauth/sdk.py
  - py.typed
  - pylintrc
  - scripts/publish.sh
  - src/onlyauth/__init__.py
  - src/onlyauth/utils/__init__.py
  - src/onlyauth/utils/retries.py
  - src/onlyauth/utils/utils.py
  - src/onlyauth/models/errors/sdkerror.py
  - src/onlyauth/models/operations/createaccesstoken.py
  - src/onlyauth/models/operations/validatesuccesstoken.py
  - src/onlyauth/models/operations/getapps.py
  - src/onlyauth/models/operations/newapp.py
  - src/onlyauth/models/operations/deleteapp.py
  - src/onlyauth/models/operations/getappbyid.py
  - src/onlyauth/models/operations/updateapp.py
  - src/onlyauth/models/errors/errorresponse.py
  - src/onlyauth/models/components/security.py
  - src/onlyauth/models/__init__.py
  - src/onlyauth/models/errors/__init__.py
  - src/onlyauth/models/operations/__init__.py
  - src/onlyauth/models/components/__init__.py
  - docs/models/operations/createaccesstokenrequestbody.md
  - docs/models/operations/createaccesstokenresponsebody.md
  - docs/models/operations/createaccesstokenresponse.md
  - docs/models/operations/validatesuccesstokenrequest.md
  - docs/models/operations/validatesuccesstokenresponsebody.md
  - docs/models/operations/validatesuccesstokenresponse.md
  - docs/models/operations/getappsrequest.md
  - docs/models/operations/apps.md
  - docs/models/operations/getappsresponsebody.md
  - docs/models/operations/getappsresponse.md
  - docs/models/operations/newapprequestbody.md
  - docs/models/operations/app.md
  - docs/models/operations/newappresponsebody.md
  - docs/models/operations/newappresponse.md
  - docs/models/operations/deleteapprequest.md
  - docs/models/operations/deleteappapp.md
  - docs/models/operations/deleteappresponsebody.md
  - docs/models/operations/deleteappresponse.md
  - docs/models/operations/getappbyidrequest.md
  - docs/models/operations/getappbyidapp.md
  - docs/models/operations/getappbyidresponsebody.md
  - docs/models/operations/getappbyidresponse.md
  - docs/models/operations/updateapprequestbody.md
  - docs/models/operations/updateapprequest.md
  - docs/models/operations/updateappapp.md
  - docs/models/operations/updateappresponsebody.md
  - docs/models/operations/updateappresponse.md
  - docs/models/errors/errorresponse.md
  - docs/models/components/security.md
  - docs/sdks/onlyauth/README.md
  - docs/sdks/authentication/README.md
  - docs/sdks/apps/README.md
  - USAGE.md
  - .gitattributes
  - src/onlyauth/_hooks/sdkhooks.py
  - src/onlyauth/_hooks/types.py
  - src/onlyauth/_hooks/__init__.py
  - CONTRIBUTING.md
